// !$*UTF8*$!
{
	archiveVersion = 1;
	classes = {
	};
	objectVersion = 50;
	objects = {

/* Begin PBXBuildFile section */
		B528DBD421B30EBE001F91E6 /* day1.swift in Sources */ = {isa = PBXBuildFile; fileRef = B528DBD321B30EBE001F91E6 /* day1.swift */; };
		B540523221BC1B0B00572A0C /* day4.swift in Sources */ = {isa = PBXBuildFile; fileRef = B540523121BC1B0B00572A0C /* day4.swift */; };
		B540523421BC1B1400572A0C /* input4.swift in Sources */ = {isa = PBXBuildFile; fileRef = B540523321BC1B1400572A0C /* input4.swift */; };
		B563CC9221B435690093A6B1 /* input1.swift in Sources */ = {isa = PBXBuildFile; fileRef = B563CC9121B435690093A6B1 /* input1.swift */; };
		B563CC9421B435EE0093A6B1 /* main.swift in Sources */ = {isa = PBXBuildFile; fileRef = B563CC9321B435EE0093A6B1 /* main.swift */; };
		B563CC9821B437280093A6B1 /* day2.swift in Sources */ = {isa = PBXBuildFile; fileRef = B563CC9721B437280093A6B1 /* day2.swift */; };
		B563CC9B21B437460093A6B1 /* input2.swift in Sources */ = {isa = PBXBuildFile; fileRef = B563CC9A21B437460093A6B1 /* input2.swift */; };
		B57A2F7121C400C80081608B /* day5.swift in Sources */ = {isa = PBXBuildFile; fileRef = B57A2F7021C400C80081608B /* day5.swift */; };
		B57A2F7321C400CF0081608B /* input5.swift in Sources */ = {isa = PBXBuildFile; fileRef = B57A2F7221C400CF0081608B /* input5.swift */; };
		B5BB92F521B6CD3E0057C7D4 /* day3.swift in Sources */ = {isa = PBXBuildFile; fileRef = B5BB92F421B6CD3E0057C7D4 /* day3.swift */; };
		B5BB92F821B6CDD70057C7D4 /* input3.swift in Sources */ = {isa = PBXBuildFile; fileRef = B5BB92F721B6CDD70057C7D4 /* input3.swift */; };
/* End PBXBuildFile section */

/* Begin PBXCopyFilesBuildPhase section */
		B528DBCE21B30EBE001F91E6 /* CopyFiles */ = {
			isa = PBXCopyFilesBuildPhase;
			buildActionMask = 2147483647;
			dstPath = /usr/share/man/man1/;
			dstSubfolderSpec = 0;
			files = (
			);
			runOnlyForDeploymentPostprocessing = 1;
		};
/* End PBXCopyFilesBuildPhase section */

/* Begin PBXFileReference section */
		B528DBD021B30EBE001F91E6 /* AOC2018 */ = {isa = PBXFileReference; explicitFileType = "compiled.mach-o.executable"; includeInIndex = 0; path = AOC2018; sourceTree = BUILT_PRODUCTS_DIR; };
		B528DBD321B30EBE001F91E6 /* day1.swift */ = {isa = PBXFileReference; lastKnownFileType = sourcecode.swift; path = day1.swift; sourceTree = "<group>"; };
		B540523121BC1B0B00572A0C /* day4.swift */ = {isa = PBXFileReference; lastKnownFileType = sourcecode.swift; path = day4.swift; sourceTree = "<group>"; };
		B540523321BC1B1400572A0C /* input4.swift */ = {isa = PBXFileReference; lastKnownFileType = sourcecode.swift; path = input4.swift; sourceTree = "<group>"; };
		B563CC9121B435690093A6B1 /* input1.swift */ = {isa = PBXFileReference; lastKnownFileType = sourcecode.swift; path = input1.swift; sourceTree = "<group>"; };
		B563CC9321B435EE0093A6B1 /* main.swift */ = {isa = PBXFileReference; lastKnownFileType = sourcecode.swift; path = main.swift; sourceTree = "<group>"; };
		B563CC9721B437280093A6B1 /* day2.swift */ = {isa = PBXFileReference; lastKnownFileType = sourcecode.swift; path = day2.swift; sourceTree = "<group>"; };
		B563CC9A21B437460093A6B1 /* input2.swift */ = {isa = PBXFileReference; lastKnownFileType = sourcecode.swift; path = input2.swift; sourceTree = "<group>"; };
		B57A2F7021C400C80081608B /* day5.swift */ = {isa = PBXFileReference; lastKnownFileType = sourcecode.swift; path = day5.swift; sourceTree = "<group>"; };
		B57A2F7221C400CF0081608B /* input5.swift */ = {isa = PBXFileReference; lastKnownFileType = sourcecode.swift; path = input5.swift; sourceTree = "<group>"; };
		B5BB92F421B6CD3E0057C7D4 /* day3.swift */ = {isa = PBXFileReference; lastKnownFileType = sourcecode.swift; path = day3.swift; sourceTree = "<group>"; };
		B5BB92F721B6CDD70057C7D4 /* input3.swift */ = {isa = PBXFileReference; lastKnownFileType = sourcecode.swift; path = input3.swift; sourceTree = "<group>"; };
/* End PBXFileReference section */

/* Begin PBXFrameworksBuildPhase section */
		B528DBCD21B30EBE001F91E6 /* Frameworks */ = {
			isa = PBXFrameworksBuildPhase;
			buildActionMask = 2147483647;
			files = (
			);
			runOnlyForDeploymentPostprocessing = 0;
		};
/* End PBXFrameworksBuildPhase section */

/* Begin PBXGroup section */
		B528DBC721B30EBE001F91E6 = {
			isa = PBXGroup;
			children = (
				B528DBD121B30EBE001F91E6 /* Products */,
				B528DBD221B30EBE001F91E6 /* AOC2018 */,
			);
			sourceTree = "<group>";
		};
		B528DBD121B30EBE001F91E6 /* Products */ = {
			isa = PBXGroup;
			children = (
				B528DBD021B30EBE001F91E6 /* AOC2018 */,
			);
			name = Products;
			sourceTree = "<group>";
		};
		B528DBD221B30EBE001F91E6 /* AOC2018 */ = {
			isa = PBXGroup;
			children = (
				B57A2F7421C400D90081608B /* Day5 */,
				B540523021BC1AFD00572A0C /* Day4 */,
				B528DBE021B361D0001F91E6 /* Library */,
				B528DBDC21B3100C001F91E6 /* Day1 */,
				B563CC9921B4372D0093A6B1 /* Day2 */,
				B5BB92F621B6CD440057C7D4 /* Day3 */,
				B563CC9321B435EE0093A6B1 /* main.swift */,
			);
			path = AOC2018;
			sourceTree = "<group>";
		};
		B528DBDC21B3100C001F91E6 /* Day1 */ = {
			isa = PBXGroup;
			children = (
				B528DBD321B30EBE001F91E6 /* day1.swift */,
				B563CC9121B435690093A6B1 /* input1.swift */,
			);
			path = Day1;
			sourceTree = "<group>";
		};
		B528DBE021B361D0001F91E6 /* Library */ = {
			isa = PBXGroup;
			children = (
			);
			path = Library;
			sourceTree = "<group>";
		};
		B540523021BC1AFD00572A0C /* Day4 */ = {
			isa = PBXGroup;
			children = (
				B540523121BC1B0B00572A0C /* day4.swift */,
				B540523321BC1B1400572A0C /* input4.swift */,
			);
			path = Day4;
			sourceTree = "<group>";
		};
		B563CC9921B4372D0093A6B1 /* Day2 */ = {
			isa = PBXGroup;
			children = (
				B563CC9721B437280093A6B1 /* day2.swift */,
				B563CC9A21B437460093A6B1 /* input2.swift */,
			);
			name = Day2;
			path = "New Group";
			sourceTree = "<group>";
		};
		B57A2F7421C400D90081608B /* Day5 */ = {
			isa = PBXGroup;
			children = (
				B57A2F7221C400CF0081608B /* input5.swift */,
				B57A2F7021C400C80081608B /* day5.swift */,
			);
			path = Day5;
			sourceTree = "<group>";
		};
		B5BB92F621B6CD440057C7D4 /* Day3 */ = {
			isa = PBXGroup;
			children = (
				B5BB92F721B6CDD70057C7D4 /* input3.swift */,
				B5BB92F421B6CD3E0057C7D4 /* day3.swift */,
			);
			name = Day3;
			path = "New Group/Day3";
			sourceTree = "<group>";
		};
/* End PBXGroup section */

/* Begin PBXNativeTarget section */
		B528DBCF21B30EBE001F91E6 /* AOC2018 */ = {
			isa = PBXNativeTarget;
			buildConfigurationList = B528DBD721B30EBE001F91E6 /* Build configuration list for PBXNativeTarget "AOC2018" */;
			buildPhases = (
				B528DBCC21B30EBE001F91E6 /* Sources */,
				B528DBCD21B30EBE001F91E6 /* Frameworks */,
				B528DBCE21B30EBE001F91E6 /* CopyFiles */,
			);
			buildRules = (
			);
			dependencies = (
			);
			name = AOC2018;
			productName = AOC2018;
			productReference = B528DBD021B30EBE001F91E6 /* AOC2018 */;
			productType = "com.apple.product-type.tool";
		};
/* End PBXNativeTarget section */

/* Begin PBXProject section */
		B528DBC821B30EBE001F91E6 /* Project object */ = {
			isa = PBXProject;
			attributes = {
				LastSwiftUpdateCheck = 1010;
				LastUpgradeCheck = 1010;
				ORGANIZATIONNAME = "Constellation Software";
				TargetAttributes = {
					B528DBCF21B30EBE001F91E6 = {
						CreatedOnToolsVersion = 10.1;
					};
				};
			};
			buildConfigurationList = B528DBCB21B30EBE001F91E6 /* Build configuration list for PBXProject "AOC2018" */;
			compatibilityVersion = "Xcode 9.3";
			developmentRegion = en;
			hasScannedForEncodings = 0;
			knownRegions = (
				en,
			);
			mainGroup = B528DBC721B30EBE001F91E6;
			productRefGroup = B528DBD121B30EBE001F91E6 /* Products */;
			projectDirPath = "";
			projectRoot = "";
			targets = (
				B528DBCF21B30EBE001F91E6 /* AOC2018 */,
			);
		};
/* End PBXProject section */

/* Begin PBXSourcesBuildPhase section */
		B528DBCC21B30EBE001F91E6 /* Sources */ = {
			isa = PBXSourcesBuildPhase;
			buildActionMask = 2147483647;
			files = (
				B540523421BC1B1400572A0C /* input4.swift in Sources */,
				B563CC9B21B437460093A6B1 /* input2.swift in Sources */,
				B563CC9221B435690093A6B1 /* input1.swift in Sources */,
				B5BB92F821B6CDD70057C7D4 /* input3.swift in Sources */,
				B563CC9821B437280093A6B1 /* day2.swift in Sources */,
				B528DBD421B30EBE001F91E6 /* day1.swift in Sources */,
				B57A2F7121C400C80081608B /* day5.swift in Sources */,
				B57A2F7321C400CF0081608B /* input5.swift in Sources */,
				B5BB92F521B6CD3E0057C7D4 /* day3.swift in Sources */,
				B563CC9421B435EE0093A6B1 /* main.swift in Sources */,
				B540523221BC1B0B00572A0C /* day4.swift in Sources */,
			);
			runOnlyForDeploymentPostprocessing = 0;
		};
/* End PBXSourcesBuildPhase section */

/* Begin XCBuildConfiguration section */
		B528DBD521B30EBE001F91E6 /* Debug */ = {
			isa = XCBuildConfiguration;
			buildSettings = {
				ALWAYS_SEARCH_USER_PATHS = NO;
				CLANG_ANALYZER_NONNULL = YES;
				CLANG_ANALYZER_NUMBER_OBJECT_CONVERSION = YES_AGGRESSIVE;
				CLANG_CXX_LANGUAGE_STANDARD = "gnu++14";
				CLANG_CXX_LIBRARY = "libc++";
				CLANG_ENABLE_MODULES = YES;
				CLANG_ENABLE_OBJC_ARC = YES;
				CLANG_ENABLE_OBJC_WEAK = YES;
				CLANG_WARN_BLOCK_CAPTURE_AUTORELEASING = YES;
				CLANG_WARN_BOOL_CONVERSION = YES;
				CLANG_WARN_COMMA = YES;
				CLANG_WARN_CONSTANT_CONVERSION = YES;
				CLANG_WARN_DEPRECATED_OBJC_IMPLEMENTATIONS = YES;
				CLANG_WARN_DIRECT_OBJC_ISA_USAGE = YES_ERROR;
				CLANG_WARN_DOCUMENTATION_COMMENTS = YES;
				CLANG_WARN_EMPTY_BODY = YES;
				CLANG_WARN_ENUM_CONVERSION = YES;
				CLANG_WARN_INFINITE_RECURSION = YES;
				CLANG_WARN_INT_CONVERSION = YES;
				CLANG_WARN_NON_LITERAL_NULL_CONVERSION = YES;
				CLANG_WARN_OBJC_IMPLICIT_RETAIN_SELF = YES;
				CLANG_WARN_OBJC_LITERAL_CONVERSION = YES;
				CLANG_WARN_OBJC_ROOT_CLASS = YES_ERROR;
				CLANG_WARN_RANGE_LOOP_ANALYSIS = YES;
				CLANG_WARN_STRICT_PROTOTYPES = YES;
				CLANG_WARN_SUSPICIOUS_MOVE = YES;
				CLANG_WARN_UNGUARDED_AVAILABILITY = YES_AGGRESSIVE;
				CLANG_WARN_UNREACHABLE_CODE = YES;
				CLANG_WARN__DUPLICATE_METHOD_MATCH = YES;
				CODE_SIGN_IDENTITY = "Mac Developer";
				COPY_PHASE_STRIP = NO;
				DEBUG_INFORMATION_FORMAT = dwarf;
				ENABLE_STRICT_OBJC_MSGSEND = YES;
				ENABLE_TESTABILITY = YES;
				GCC_C_LANGUAGE_STANDARD = gnu11;
				GCC_DYNAMIC_NO_PIC = NO;
				GCC_NO_COMMON_BLOCKS = YES;
				GCC_OPTIMIZATION_LEVEL = 0;
				GCC_PREPROCESSOR_DEFINITIONS = (
					"DEBUG=1",
					"$(inherited)",
				);
				GCC_WARN_64_TO_32_BIT_CONVERSION = YES;
				GCC_WARN_ABOUT_RETURN_TYPE = YES_ERROR;
				GCC_WARN_UNDECLARED_SELECTOR = YES;
				GCC_WARN_UNINITIALIZED_AUTOS = YES_AGGRESSIVE;
				GCC_WARN_UNUSED_FUNCTION = YES;
				GCC_WARN_UNUSED_VARIABLE = YES;
				MACOSX_DEPLOYMENT_TARGET = 10.14;
				MTL_ENABLE_DEBUG_INFO = INCLUDE_SOURCE;
				MTL_FAST_MATH = YES;
				ONLY_ACTIVE_ARCH = YES;
				SDKROOT = macosx;
				SWIFT_ACTIVE_COMPILATION_CONDITIONS = DEBUG;
				SWIFT_OPTIMIZATION_LEVEL = "-Onone";
			};
			name = Debug;
		};
		B528DBD621B30EBE001F91E6 /* Release */ = {
			isa = XCBuildConfiguration;
			buildSettings = {
				ALWAYS_SEARCH_USER_PATHS = NO;
				CLANG_ANALYZER_NONNULL = YES;
				CLANG_ANALYZER_NUMBER_OBJECT_CONVERSION = YES_AGGRESSIVE;
				CLANG_CXX_LANGUAGE_STANDARD = "gnu++14";
				CLANG_CXX_LIBRARY = "libc++";
				CLANG_ENABLE_MODULES = YES;
				CLANG_ENABLE_OBJC_ARC = YES;
				CLANG_ENABLE_OBJC_WEAK = YES;
				CLANG_WARN_BLOCK_CAPTURE_AUTORELEASING = YES;
				CLANG_WARN_BOOL_CONVERSION = YES;
				CLANG_WARN_COMMA = YES;
				CLANG_WARN_CONSTANT_CONVERSION = YES;
				CLANG_WARN_DEPRECATED_OBJC_IMPLEMENTATIONS = YES;
				CLANG_WARN_DIRECT_OBJC_ISA_USAGE = YES_ERROR;
				CLANG_WARN_DOCUMENTATION_COMMENTS = YES;
				CLANG_WARN_EMPTY_BODY = YES;
				CLANG_WARN_ENUM_CONVERSION = YES;
				CLANG_WARN_INFINITE_RECURSION = YES;
				CLANG_WARN_INT_CONVERSION = YES;
				CLANG_WARN_NON_LITERAL_NULL_CONVERSION = YES;
				CLANG_WARN_OBJC_IMPLICIT_RETAIN_SELF = YES;
				CLANG_WARN_OBJC_LITERAL_CONVERSION = YES;
				CLANG_WARN_OBJC_ROOT_CLASS = YES_ERROR;
				CLANG_WARN_RANGE_LOOP_ANALYSIS = YES;
				CLANG_WARN_STRICT_PROTOTYPES = YES;
				CLANG_WARN_SUSPICIOUS_MOVE = YES;
				CLANG_WARN_UNGUARDED_AVAILABILITY = YES_AGGRESSIVE;
				CLANG_WARN_UNREACHABLE_CODE = YES;
				CLANG_WARN__DUPLICATE_METHOD_MATCH = YES;
				CODE_SIGN_IDENTITY = "Mac Developer";
				COPY_PHASE_STRIP = NO;
				DEBUG_INFORMATION_FORMAT = "dwarf-with-dsym";
				ENABLE_NS_ASSERTIONS = NO;
				ENABLE_STRICT_OBJC_MSGSEND = YES;
				GCC_C_LANGUAGE_STANDARD = gnu11;
				GCC_NO_COMMON_BLOCKS = YES;
				GCC_WARN_64_TO_32_BIT_CONVERSION = YES;
				GCC_WARN_ABOUT_RETURN_TYPE = YES_ERROR;
				GCC_WARN_UNDECLARED_SELECTOR = YES;
				GCC_WARN_UNINITIALIZED_AUTOS = YES_AGGRESSIVE;
				GCC_WARN_UNUSED_FUNCTION = YES;
				GCC_WARN_UNUSED_VARIABLE = YES;
				MACOSX_DEPLOYMENT_TARGET = 10.14;
				MTL_ENABLE_DEBUG_INFO = NO;
				MTL_FAST_MATH = YES;
				SDKROOT = macosx;
				SWIFT_COMPILATION_MODE = wholemodule;
				SWIFT_OPTIMIZATION_LEVEL = "-O";
			};
			name = Release;
		};
		B528DBD821B30EBE001F91E6 /* Debug */ = {
			isa = XCBuildConfiguration;
			buildSettings = {
				CODE_SIGN_STYLE = Automatic;
				DEVELOPMENT_TEAM = 97JRRX372K;
				GCC_OPTIMIZATION_LEVEL = fast;
				PRODUCT_NAME = "$(TARGET_NAME)";
				SWIFT_VERSION = 4.2;
			};
			name = Debug;
		};
		B528DBD921B30EBE001F91E6 /* Release */ = {
			isa = XCBuildConfiguration;
			buildSettings = {
				CODE_SIGN_STYLE = Automatic;
				DEVELOPMENT_TEAM = 97JRRX372K;
				PRODUCT_NAME = "$(TARGET_NAME)";
				SWIFT_VERSION = 4.2;
			};
			name = Release;
		};
/* End XCBuildConfiguration section */

/* Begin XCConfigurationList section */
		B528DBCB21B30EBE001F91E6 /* Build configuration list for PBXProject "AOC2018" */ = {
			isa = XCConfigurationList;
			buildConfigurations = (
				B528DBD521B30EBE001F91E6 /* Debug */,
				B528DBD621B30EBE001F91E6 /* Release */,
			);
			defaultConfigurationIsVisible = 0;
			defaultConfigurationName = Release;
		};
		B528DBD721B30EBE001F91E6 /* Build configuration list for PBXNativeTarget "AOC2018" */ = {
			isa = XCConfigurationList;
			buildConfigurations = (
				B528DBD821B30EBE001F91E6 /* Debug */,
				B528DBD921B30EBE001F91E6 /* Release */,
			);
			defaultConfigurationIsVisible = 0;
			defaultConfigurationName = Release;
		};
/* End XCConfigurationList section */
	};
	rootObject = B528DBC821B30EBE001F91E6 /* Project object */;
}
